
Microsoft Visual Studio Solution File, Format Version 12.00
# Visual Studio Version 17
VisualStudioVersion = 17.3.32811.315
MinimumVisualStudioVersion = 10.0.40219.1
Project("{9A19103F-16F7-4668-BE54-9A1E7A4F7556}") = "MqttDumperService", "MqttDumperService\MqttDumperService.csproj", "{FB848FA4-A056-4E17-93A6-32FC3AD62940}"
EndProject
Project("{FAE04EC0-301F-11D3-BF4B-00C04F79EFBC}") = "MqttDumper.Common", "MqttDumper.Common\MqttDumper.Common.csproj", "{1B928CC8-FA8F-4701-A539-552214C1AB75}"
EndProject
Global
	GlobalSection(SolutionConfigurationPlatforms) = preSolution
		Debug|Any CPU = Debug|Any CPU
		Release|Any CPU = Release|Any CPU
	EndGlobalSection
	GlobalSection(ProjectConfigurationPlatforms) = postSolution
		{FB848FA4-A056-4E17-93A6-32FC3AD62940}.Debug|Any CPU.ActiveCfg = Debug|Any CPU
		{FB848FA4-A056-4E17-93A6-32FC3AD62940}.Debug|Any CPU.Build.0 = Debug|Any CPU
		{FB848FA4-A056-4E17-93A6-32FC3AD62940}.Release|Any CPU.ActiveCfg = Release|Any CPU
		{FB848FA4-A056-4E17-93A6-32FC3AD62940}.Release|Any CPU.Build.0 = Release|Any CPU
		{1B928CC8-FA8F-4701-A539-552214C1AB75}.Debug|Any CPU.ActiveCfg = Debug|Any CPU
		{1B928CC8-FA8F-4701-A539-552214C1AB75}.Debug|Any CPU.Build.0 = Debug|Any CPU
		{1B928CC8-FA8F-4701-A539-552214C1AB75}.Release|Any CPU.ActiveCfg = Release|Any CPU
		{1B928CC8-FA8F-4701-A539-552214C1AB75}.Release|Any CPU.Build.0 = Release|Any CPU
	EndGlobalSection
	GlobalSection(SolutionProperties) = preSolution
		HideSolutionNode = FALSE
	EndGlobalSection
	GlobalSection(ExtensibilityGlobals) = postSolution
		SolutionGuid = {2DE52B86-E91C-4A37-96DA-40C165459277}
	EndGlobalSection
EndGlobal
